
Microsoft Visual Studio Solution File, Format Version 12.00
# Visual Studio 15
VisualStudioVersion = 15.0.27004.2010
MinimumVisualStudioVersion = 10.0.40219.1
Project("{9A19103F-16F7-4668-BE54-9A1E7A4F7556}") = "mqtt-ex", "mqtt-ex.csproj", "{72A2B1D9-108A-4849-B183-1D4F45C29C94}"
EndProject
Global
	GlobalSection(SolutionConfigurationPlatforms) = preSolution
		Debug|Any CPU = Debug|Any CPU
		Release|Any CPU = Release|Any CPU
	EndGlobalSection
	GlobalSection(ProjectConfigurationPlatforms) = postSolution
		{72A2B1D9-108A-4849-B183-1D4F45C29C94}.Debug|Any CPU.ActiveCfg = Debug|Any CPU
		{72A2B1D9-108A-4849-B183-1D4F45C29C94}.Debug|Any CPU.Build.0 = Debug|Any CPU
		{72A2B1D9-108A-4849-B183-1D4F45C29C94}.Release|Any CPU.ActiveCfg = Release|Any CPU
		{72A2B1D9-108A-4849-B183-1D4F45C29C94}.Release|Any CPU.Build.0 = Release|Any CPU
	EndGlobalSection
	GlobalSection(SolutionProperties) = preSolution
		HideSolutionNode = FALSE
	EndGlobalSection
	GlobalSection(ExtensibilityGlobals) = postSolution
		SolutionGuid = {86D2DD88-B69D-46F4-9654-1D9A05B7EE21}
	EndGlobalSection
EndGlobal
